
Microsoft Visual Studio Solution File, Format Version 12.00
# Visual Studio 15
VisualStudioVersion = 15.0.28010.2019
MinimumVisualStudioVersion = 10.0.40219.1
Project("{FAE04EC0-301F-11D3-BF4B-00C04F79EFBC}") = "OpenDotaConsole", "OpenDotaConsole\OpenDotaConsole.csproj", "{AD279FE2-8FCC-4B75-B8FF-849344C8CBA3}"
EndProject
Project("{FAE04EC0-301F-11D3-BF4B-00C04F79EFBC}") = "OpenDota.NET", "OpenDota.NET\OpenDota.NET.csproj", "{BA4489BA-0330-4F01-85B4-763FA06A0D1A}"
EndProject
Global
	GlobalSection(SolutionConfigurationPlatforms) = preSolution
		Debug|Any CPU = Debug|Any CPU
		Release|Any CPU = Release|Any CPU
	EndGlobalSection
	GlobalSection(ProjectConfigurationPlatforms) = postSolution
		{AD279FE2-8FCC-4B75-B8FF-849344C8CBA3}.Debug|Any CPU.ActiveCfg = Debug|Any CPU
		{AD279FE2-8FCC-4B75-B8FF-849344C8CBA3}.Debug|Any CPU.Build.0 = Debug|Any CPU
		{AD279FE2-8FCC-4B75-B8FF-849344C8CBA3}.Release|Any CPU.ActiveCfg = Release|Any CPU
		{AD279FE2-8FCC-4B75-B8FF-849344C8CBA3}.Release|Any CPU.Build.0 = Release|Any CPU
		{BA4489BA-0330-4F01-85B4-763FA06A0D1A}.Debug|Any CPU.ActiveCfg = Debug|Any CPU
		{BA4489BA-0330-4F01-85B4-763FA06A0D1A}.Debug|Any CPU.Build.0 = Debug|Any CPU
		{BA4489BA-0330-4F01-85B4-763FA06A0D1A}.Release|Any CPU.ActiveCfg = Release|Any CPU
		{BA4489BA-0330-4F01-85B4-763FA06A0D1A}.Release|Any CPU.Build.0 = Release|Any CPU
	EndGlobalSection
	GlobalSection(SolutionProperties) = preSolution
		HideSolutionNode = FALSE
	EndGlobalSection
	GlobalSection(ExtensibilityGlobals) = postSolution
		SolutionGuid = {BAB8ECB3-D288-45C4-BB73-ADED28C740E1}
	EndGlobalSection
EndGlobal
